
Microsoft Visual Studio Solution File, Format Version 12.00
# Visual Studio Version 17
VisualStudioVersion = 17.0.31903.59
MinimumVisualStudioVersion = 10.0.40219.1
Project("{2150E333-8FDC-42A3-9474-1A3956D46DE8}") = "src", "src", "{827E0CD3-B72D-47B6-A68D-7590B98EB39B}"
EndProject
Project("{FAE04EC0-301F-11D3-BF4B-00C04F79EFBC}") = "HyperliquidAiBot.Core", "src\HyperliquidAiBot.Core\HyperliquidAiBot.Core.csproj", "{68B6ECFB-FD63-4FDD-A528-E315E5B2B8AB}"
EndProject
Project("{FAE04EC0-301F-11D3-BF4B-00C04F79EFBC}") = "HyperliquidAiBot.Worker", "src\HyperliquidAiBot.Worker\HyperliquidAiBot.Worker.csproj", "{86EF5CDA-291B-4FA3-918C-3A8985517B3D}"
EndProject
Project("{2150E333-8FDC-42A3-9474-1A3956D46DE8}") = "tests", "tests", "{0AB3BF05-4346-4AA6-1389-037BE0695223}"
EndProject
Project("{FAE04EC0-301F-11D3-BF4B-00C04F79EFBC}") = "HyperliquidAiBot.Tests", "tests\HyperliquidAiBot.Tests\HyperliquidAiBot.Tests.csproj", "{167E4E3F-606F-4D2E-9475-742E6959A400}"
EndProject
Global
	GlobalSection(SolutionConfigurationPlatforms) = preSolution
		Debug|Any CPU = Debug|Any CPU
		Debug|x64 = Debug|x64
		Debug|x86 = Debug|x86
		Release|Any CPU = Release|Any CPU
		Release|x64 = Release|x64
		Release|x86 = Release|x86
	EndGlobalSection
	GlobalSection(ProjectConfigurationPlatforms) = postSolution
		{68B6ECFB-FD63-4FDD-A528-E315E5B2B8AB}.Debug|Any CPU.ActiveCfg = Debug|Any CPU
		{68B6ECFB-FD63-4FDD-A528-E315E5B2B8AB}.Debug|Any CPU.Build.0 = Debug|Any CPU
		{68B6ECFB-FD63-4FDD-A528-E315E5B2B8AB}.Debug|x64.ActiveCfg = Debug|Any CPU
		{68B6ECFB-FD63-4FDD-A528-E315E5B2B8AB}.Debug|x64.Build.0 = Debug|Any CPU
		{68B6ECFB-FD63-4FDD-A528-E315E5B2B8AB}.Debug|x86.ActiveCfg = Debug|Any CPU
		{68B6ECFB-FD63-4FDD-A528-E315E5B2B8AB}.Debug|x86.Build.0 = Debug|Any CPU
		{68B6ECFB-FD63-4FDD-A528-E315E5B2B8AB}.Release|Any CPU.ActiveCfg = Release|Any CPU
		{68B6ECFB-FD63-4FDD-A528-E315E5B2B8AB}.Release|Any CPU.Build.0 = Release|Any CPU
		{68B6ECFB-FD63-4FDD-A528-E315E5B2B8AB}.Release|x64.ActiveCfg = Release|Any CPU
		{68B6ECFB-FD63-4FDD-A528-E315E5B2B8AB}.Release|x64.Build.0 = Release|Any CPU
		{68B6ECFB-FD63-4FDD-A528-E315E5B2B8AB}.Release|x86.ActiveCfg = Release|Any CPU
		{68B6ECFB-FD63-4FDD-A528-E315E5B2B8AB}.Release|x86.Build.0 = Release|Any CPU
		{86EF5CDA-291B-4FA3-918C-3A8985517B3D}.Debug|Any CPU.ActiveCfg = Debug|Any CPU
		{86EF5CDA-291B-4FA3-918C-3A8985517B3D}.Debug|Any CPU.Build.0 = Debug|Any CPU
		{86EF5CDA-291B-4FA3-918C-3A8985517B3D}.Debug|x64.ActiveCfg = Debug|Any CPU
		{86EF5CDA-291B-4FA3-918C-3A8985517B3D}.Debug|x64.Build.0 = Debug|Any CPU
		{86EF5CDA-291B-4FA3-918C-3A8985517B3D}.Debug|x86.ActiveCfg = Debug|Any CPU
		{86EF5CDA-291B-4FA3-918C-3A8985517B3D}.Debug|x86.Build.0 = Debug|Any CPU
		{86EF5CDA-291B-4FA3-918C-3A8985517B3D}.Release|Any CPU.ActiveCfg = Release|Any CPU
		{86EF5CDA-291B-4FA3-918C-3A8985517B3D}.Release|Any CPU.Build.0 = Release|Any CPU
		{86EF5CDA-291B-4FA3-918C-3A8985517B3D}.Release|x64.ActiveCfg = Release|Any CPU
		{86EF5CDA-291B-4FA3-918C-3A8985517B3D}.Release|x64.Build.0 = Release|Any CPU
		{86EF5CDA-291B-4FA3-918C-3A8985517B3D}.Release|x86.ActiveCfg = Release|Any CPU
		{86EF5CDA-291B-4FA3-918C-3A8985517B3D}.Release|x86.Build.0 = Release|Any CPU
		{167E4E3F-606F-4D2E-9475-742E6959A400}.Debug|Any CPU.ActiveCfg = Debug|Any CPU
		{167E4E3F-606F-4D2E-9475-742E6959A400}.Debug|Any CPU.Build.0 = Debug|Any CPU
		{167E4E3F-606F-4D2E-9475-742E6959A400}.Debug|x64.ActiveCfg = Debug|Any CPU
		{167E4E3F-606F-4D2E-9475-742E6959A400}.Debug|x64.Build.0 = Debug|Any CPU
		{167E4E3F-606F-4D2E-9475-742E6959A400}.Debug|x86.ActiveCfg = Debug|Any CPU
		{167E4E3F-606F-4D2E-9475-742E6959A400}.Debug|x86.Build.0 = Debug|Any CPU
		{167E4E3F-606F-4D2E-9475-742E6959A400}.Release|Any CPU.ActiveCfg = Release|Any CPU
		{167E4E3F-606F-4D2E-9475-742E6959A400}.Release|Any CPU.Build.0 = Release|Any CPU
		{167E4E3F-606F-4D2E-9475-742E6959A400}.Release|x64.ActiveCfg = Release|Any CPU
		{167E4E3F-606F-4D2E-9475-742E6959A400}.Release|x64.Build.0 = Release|Any CPU
		{167E4E3F-606F-4D2E-9475-742E6959A400}.Release|x86.ActiveCfg = Release|Any CPU
		{167E4E3F-606F-4D2E-9475-742E6959A400}.Release|x86.Build.0 = Release|Any CPU
	EndGlobalSection
	GlobalSection(SolutionProperties) = preSolution
		HideSolutionNode = FALSE
	EndGlobalSection
	GlobalSection(NestedProjects) = preSolution
		{68B6ECFB-FD63-4FDD-A528-E315E5B2B8AB} = {827E0CD3-B72D-47B6-A68D-7590B98EB39B}
		{86EF5CDA-291B-4FA3-918C-3A8985517B3D} = {827E0CD3-B72D-47B6-A68D-7590B98EB39B}
		{167E4E3F-606F-4D2E-9475-742E6959A400} = {0AB3BF05-4346-4AA6-1389-037BE0695223}
	EndGlobalSection
EndGlobal
